
Microsoft Visual Studio Solution File, Format Version 12.00
# Visual Studio Version 16
VisualStudioVersion = 16.0.30320.27
MinimumVisualStudioVersion = 10.0.40219.1
Project("{F184B08F-C81C-45F6-A57F-5ABD9991F28F}") = "PrjCOVIDKonteiner", "PrjCOVIDKonteiner\PrjCOVIDKonteiner.vbproj", "{48849CCA-4D43-4DA4-80DA-1B08BA738C27}"
EndProject
Global
	GlobalSection(SolutionConfigurationPlatforms) = preSolution
		Debug|Any CPU = Debug|Any CPU
		Release|Any CPU = Release|Any CPU
	EndGlobalSection
	GlobalSection(ProjectConfigurationPlatforms) = postSolution
		{48849CCA-4D43-4DA4-80DA-1B08BA738C27}.Debug|Any CPU.ActiveCfg = Debug|Any CPU
		{48849CCA-4D43-4DA4-80DA-1B08BA738C27}.Debug|Any CPU.Build.0 = Debug|Any CPU
		{48849CCA-4D43-4DA4-80DA-1B08BA738C27}.Release|Any CPU.ActiveCfg = Release|Any CPU
		{48849CCA-4D43-4DA4-80DA-1B08BA738C27}.Release|Any CPU.Build.0 = Release|Any CPU
	EndGlobalSection
	GlobalSection(SolutionProperties) = preSolution
		HideSolutionNode = FALSE
	EndGlobalSection
	GlobalSection(ExtensibilityGlobals) = postSolution
		SolutionGuid = {9BFD538B-435F-42E2-9E9F-6CDAD0038CD3}
	EndGlobalSection
EndGlobal
